
Microsoft Visual Studio Solution File, Format Version 12.00
# Visual Studio Version 17
VisualStudioVersion = 17.10.35013.160
MinimumVisualStudioVersion = 10.0.40219.1
Project("{FAE04EC0-301F-11D3-BF4B-00C04F79EFBC}") = "PetioleBorderDetector", "PetioleBorder\PetioleBorderDetector.csproj", "{3C156D81-3F24-49B1-A321-5EB9F235C571}"
EndProject
Global
	GlobalSection(SolutionConfigurationPlatforms) = preSolution
		Debug|Any CPU = Debug|Any CPU
		Release|Any CPU = Release|Any CPU
	EndGlobalSection
	GlobalSection(ProjectConfigurationPlatforms) = postSolution
		{3C156D81-3F24-49B1-A321-5EB9F235C571}.Debug|Any CPU.ActiveCfg = Debug|Any CPU
		{3C156D81-3F24-49B1-A321-5EB9F235C571}.Debug|Any CPU.Build.0 = Debug|Any CPU
		{3C156D81-3F24-49B1-A321-5EB9F235C571}.Release|Any CPU.ActiveCfg = Release|Any CPU
		{3C156D81-3F24-49B1-A321-5EB9F235C571}.Release|Any CPU.Build.0 = Release|Any CPU
	EndGlobalSection
	GlobalSection(SolutionProperties) = preSolution
		HideSolutionNode = FALSE
	EndGlobalSection
	GlobalSection(ExtensibilityGlobals) = postSolution
		SolutionGuid = {4F76DE6A-E5B6-4D99-8CCE-C2E04D47A7D7}
	EndGlobalSection
EndGlobal
